<?xml version="1.0" encoding="utf-8"?>
<Project ToolsVersion="4.0" xmlns="http://schemas.microsoft.com/developer/msbuild/2003">
  <ItemGroup>
    <Filter Include="Archivos de origen">
      <UniqueIdentifier>{4FC737F1-C7A5-4376-A066-2A32D752A2FF}</UniqueIdentifier>
      <Extensions>cpp;c;cc;cxx;c++;def;odl;idl;hpj;bat;asm;asmx</Extensions>
    </Filter>
    <Filter Include="Archivos de encabezado">
      <UniqueIdentifier>{93995380-89BD-4b04-88EB-625FBE52EBFB}</UniqueIdentifier>
      <Extensions>h;hh;hpp;hxx;h++;hm;inl;inc;ipp;xsd</Extensions>
    </Filter>
    <Filter Include="Archivos de recursos">
      <UniqueIdentifier>{67DA6AB6-F800-4c08-8B7A-83BB121AAD01}</UniqueIdentifier>
      <Extensions>rc;ico;cur;bmp;dlg;rc2;rct;bin;rgs;gif;jpg;jpeg;jpe;resx;tiff;tif;png;wav;mfcribbon-ms</Extensions>
    </Filter>
  </ItemGroup>
  <ItemGroup>
    <ClCompile Include="Persona.cpp">
      <Filter>Archivos de origen</Filter>
    </ClCompile>
    <ClCompile Include="Cliente.cpp">
      <Filter>Archivos de origen</Filter>
    </ClCompile>
    <ClCompile Include="Repartidor.cpp">
      <Filter>Archivos de origen</Filter>
    </ClCompile>
    <ClCompile Include="Main .cpp">
      <Filter>Archivos de origen</Filter>
    </ClCompile>
    <ClCompile Include="Restaurantes.cpp">
      <Filter>Archivos de origen</Filter>
    </ClCompile>
    <ClCompile Include="combo.cpp">
      <Filter>Archivos de origen</Filter>
    </ClCompile>
    <ClCompile Include="Pedido.cpp">
      <Filter>Archivos de origen</Filter>
    </ClCompile>
    <ClCompile Include="Queja.cpp">
      <Filter>Archivos de origen</Filter>
    </ClCompile>
    <ClCompile Include="ListaCombos.cpp">
      <Filter>Archivos de origen</Filter>
    </ClCompile>
    <ClCompile Include="nodoCombo.cpp">
      <Filter>Archivos de origen</Filter>
    </ClCompile>
    <ClCompile Include="nodoRestaurante.cpp">
      <Filter>Archivos de origen</Filter>
    </ClCompile>
    <ClCompile Include="nodoPedido.cpp">
      <Filter>Archivos de origen</Filter>
    </ClCompile>
    <ClCompile Include="nodoQueja.cpp">
      <Filter>Archivos de origen</Filter>
    </ClCompile>
    <ClCompile Include="nodoCliente.cpp">
      <Filter>Archivos de origen</Filter>
    </ClCompile>
    <ClCompile Include="nodoRepartidor.cpp">
      <Filter>Archivos de origen</Filter>
    </ClCompile>
    <ClCompile Include="ListaClientes.cpp">
      <Filter>Archivos de origen</Filter>
    </ClCompile>
    <ClCompile Include="ListaRepartidores.cpp">
      <Filter>Archivos de origen</Filter>
    </ClCompile>
    <ClCompile Include="ListaRestaurantes.cpp">
      <Filter>Archivos de origen</Filter>
    </ClCompile>
    <ClCompile Include="ListaQuejas.cpp">
      <Filter>Archivos de origen</Filter>
    </ClCompile>
    <ClCompile Include="ListaPedidos.cpp">
      <Filter>Archivos de origen</Filter>
    </ClCompile>
    <ClCompile Include="Control.cpp">
      <Filter>Archivos de origen</Filter>
    </ClCompile>
    <ClCompile Include="Empresa.cpp">
      <Filter>Archivos de origen</Filter>
    </ClCompile>
  </ItemGroup>
  <ItemGroup>
    <ClInclude Include="Persona.h">
      <Filter>Archivos de encabezado</Filter>
    </ClInclude>
    <ClInclude Include="Cliente.h">
      <Filter>Archivos de encabezado</Filter>
    </ClInclude>
    <ClInclude Include="Repartidor.h">
      <Filter>Archivos de encabezado</Filter>
    </ClInclude>
    <ClInclude Include="resource.h">
      <Filter>Archivos de encabezado</Filter>
    </ClInclude>
    <ClInclude Include="Restaurantes.h">
      <Filter>Archivos de encabezado</Filter>
    </ClInclude>
    <ClInclude Include="combo.h">
      <Filter>Archivos de encabezado</Filter>
    </ClInclude>
    <ClInclude Include="Pedido.h">
      <Filter>Archivos de encabezado</Filter>
    </ClInclude>
    <ClInclude Include="Queja.h">
      <Filter>Archivos de encabezado</Filter>
    </ClInclude>
    <ClInclude Include="ListaCombos.h">
      <Filter>Archivos de encabezado</Filter>
    </ClInclude>
    <ClInclude Include="nodoCombo.h">
      <Filter>Archivos de encabezado</Filter>
    </ClInclude>
    <ClInclude Include="nodoRestaurante.h">
      <Filter>Archivos de encabezado</Filter>
    </ClInclude>
    <ClInclude Include="nodoPedido.h">
      <Filter>Archivos de encabezado</Filter>
    </ClInclude>
    <ClInclude Include="nodoQueja.h">
      <Filter>Archivos de encabezado</Filter>
    </ClInclude>
    <ClInclude Include="nodoCliente.h">
      <Filter>Archivos de encabezado</Filter>
    </ClInclude>
    <ClInclude Include="nodoRepartidor.h">
      <Filter>Archivos de encabezado</Filter>
    </ClInclude>
    <ClInclude Include="ListaClientes.h">
      <Filter>Archivos de encabezado</Filter>
    </ClInclude>
    <ClInclude Include="ListaRepartidores.h">
      <Filter>Archivos de encabezado</Filter>
    </ClInclude>
    <ClInclude Include="ListaRestaurantes.h">
      <Filter>Archivos de encabezado</Filter>
    </ClInclude>
    <ClInclude Include="ListaQuejas.h">
      <Filter>Archivos de encabezado</Filter>
    </ClInclude>
    <ClInclude Include="ListaPedidos.h">
      <Filter>Archivos de encabezado</Filter>
    </ClInclude>
    <ClInclude Include="Control.h">
      <Filter>Archivos de encabezado</Filter>
    </ClInclude>
    <ClInclude Include="Empresa.h">
      <Filter>Archivos de encabezado</Filter>
    </ClInclude>
  </ItemGroup>
  <ItemGroup>
    <ResourceCompile Include="Proyecto 2 CletaEats.rc">
      <Filter>Archivos de recursos</Filter>
    </ResourceCompile>
  </ItemGroup>
</Project>